
Microsoft Visual Studio Solution File, Format Version 12.00
# Visual Studio Version 17
VisualStudioVersion = 17.9.34902.65
MinimumVisualStudioVersion = 10.0.40219.1
Project("{FAE04EC0-301F-11D3-BF4B-00C04F79EFBC}") = "WinFormsApp1", "WinFormsApp1\WinFormsApp1.csproj", "{F86DF755-E9D6-46CB-9C59-6621ED978959}"
EndProject
Project("{FAE04EC0-301F-11D3-BF4B-00C04F79EFBC}") = "Data", "Data\Data.csproj", "{D6791559-9B55-4C8C-A94F-BEFBDDDC4344}"
EndProject
Project("{FAE04EC0-301F-11D3-BF4B-00C04F79EFBC}") = "Business", "Business\Business.csproj", "{B36EC57E-BF6C-4B4A-8016-06F1EE5B3313}"
EndProject
Global
	GlobalSection(SolutionConfigurationPlatforms) = preSolution
		Debug|Any CPU = Debug|Any CPU
		Release|Any CPU = Release|Any CPU
	EndGlobalSection
	GlobalSection(ProjectConfigurationPlatforms) = postSolution
		{F86DF755-E9D6-46CB-9C59-6621ED978959}.Debug|Any CPU.ActiveCfg = Debug|Any CPU
		{F86DF755-E9D6-46CB-9C59-6621ED978959}.Debug|Any CPU.Build.0 = Debug|Any CPU
		{F86DF755-E9D6-46CB-9C59-6621ED978959}.Release|Any CPU.ActiveCfg = Release|Any CPU
		{F86DF755-E9D6-46CB-9C59-6621ED978959}.Release|Any CPU.Build.0 = Release|Any CPU
		{D6791559-9B55-4C8C-A94F-BEFBDDDC4344}.Debug|Any CPU.ActiveCfg = Debug|Any CPU
		{D6791559-9B55-4C8C-A94F-BEFBDDDC4344}.Debug|Any CPU.Build.0 = Debug|Any CPU
		{D6791559-9B55-4C8C-A94F-BEFBDDDC4344}.Release|Any CPU.ActiveCfg = Release|Any CPU
		{D6791559-9B55-4C8C-A94F-BEFBDDDC4344}.Release|Any CPU.Build.0 = Release|Any CPU
		{B36EC57E-BF6C-4B4A-8016-06F1EE5B3313}.Debug|Any CPU.ActiveCfg = Debug|Any CPU
		{B36EC57E-BF6C-4B4A-8016-06F1EE5B3313}.Debug|Any CPU.Build.0 = Debug|Any CPU
		{B36EC57E-BF6C-4B4A-8016-06F1EE5B3313}.Release|Any CPU.ActiveCfg = Release|Any CPU
		{B36EC57E-BF6C-4B4A-8016-06F1EE5B3313}.Release|Any CPU.Build.0 = Release|Any CPU
	EndGlobalSection
	GlobalSection(SolutionProperties) = preSolution
		HideSolutionNode = FALSE
	EndGlobalSection
	GlobalSection(ExtensibilityGlobals) = postSolution
		SolutionGuid = {7977CA3B-7612-4264-B84F-875523DED97F}
	EndGlobalSection
EndGlobal
